<?xml version="1.0" encoding="utf-8"?>
<Project ToolsVersion="4.0" xmlns="http://schemas.microsoft.com/developer/msbuild/2003">
  <ItemGroup>
    <ClCompile Include="ImGui\imgui.cpp">
      <Filter>ImGui</Filter>
    </ClCompile>
    <ClCompile Include="ImGui\imgui_draw.cpp">
      <Filter>ImGui</Filter>
    </ClCompile>
    <ClCompile Include="ImGui\imgui_impl_dx9.cpp">
      <Filter>ImGui</Filter>
    </ClCompile>
    <ClCompile Include="ImGui\imgui_impl_win32.cpp">
      <Filter>ImGui</Filter>
    </ClCompile>
    <ClCompile Include="ImGui\imgui_tables.cpp">
      <Filter>ImGui</Filter>
    </ClCompile>
    <ClCompile Include="ImGui\imgui_widgets.cpp">
      <Filter>ImGui</Filter>
    </ClCompile>
    <ClCompile Include="AdsManager.cpp" />
    <ClCompile Include="Ball.cpp" />
    <ClCompile Include="Balls.cpp" />
    <ClCompile Include="config.cpp" />
    <ClCompile Include="GameManager.cpp" />
    <ClCompile Include="GenericData.cpp" />
    <ClCompile Include="GlobalVars.cpp" />
    <ClCompile Include="GUI.cpp" />
    <ClCompile Include="ImGuiCustom.cpp" />
    <ClCompile Include="Main.cpp" />
    <ClCompile Include="Memory.cpp" />
    <ClCompile Include="Menu.cpp" />
    <ClCompile Include="MenuManager.cpp" />
    <ClCompile Include="Prediction.cpp" />
    <ClCompile Include="TableInfo.cpp" />
    <ClCompile Include="UserInfo.cpp" />
    <ClCompile Include="UserSettings.cpp" />
    <ClCompile Include="Utils.cpp" />
    <ClCompile Include="Vector.cpp" />
  </ItemGroup>
  <ItemGroup>
    <ClInclude Include="ImGui\imconfig.h">
      <Filter>ImGui</Filter>
    </ClInclude>
    <ClInclude Include="ImGui\imgui.h">
      <Filter>ImGui</Filter>
    </ClInclude>
    <ClInclude Include="ImGui\imgui_impl_dx9.h">
      <Filter>ImGui</Filter>
    </ClInclude>
    <ClInclude Include="ImGui\imgui_impl_win32.h">
      <Filter>ImGui</Filter>
    </ClInclude>
    <ClInclude Include="ImGui\imgui_internal.h">
      <Filter>ImGui</Filter>
    </ClInclude>
    <ClInclude Include="ImGui\imstb_rectpack.h">
      <Filter>ImGui</Filter>
    </ClInclude>
    <ClInclude Include="ImGui\imstb_textedit.h">
      <Filter>ImGui</Filter>
    </ClInclude>
    <ClInclude Include="ImGui\imstb_truetype.h">
      <Filter>ImGui</Filter>
    </ClInclude>
    <ClInclude Include="AdsManager.h" />
    <ClInclude Include="Ball.h" />
    <ClInclude Include="Balls.h" />
    <ClInclude Include="Colors.hpp" />
    <ClInclude Include="config.h" />
    <ClInclude Include="const.h" />
    <ClInclude Include="d3d9.h" />
    <ClInclude Include="GameManager.h" />
    <ClInclude Include="GenericData.h" />
    <ClInclude Include="GlobalVars.h" />
    <ClInclude Include="GUI.h" />
    <ClInclude Include="ImGuiCustom.h" />
    <ClInclude Include="Memory.h" />
    <ClInclude Include="Menu.h" />
    <ClInclude Include="MenuManager.h" />
    <ClInclude Include="Offsets.h" />
    <ClInclude Include="OneTimeAssignment.h" />
    <ClInclude Include="Prediction.h" />
    <ClInclude Include="TableInfo.h" />
    <ClInclude Include="UserInfo.h" />
    <ClInclude Include="UserSettings.h" />
    <ClInclude Include="Utils.h" />
    <ClInclude Include="Vector.h" />
    <ClInclude Include="syscall.h" />
  </ItemGroup>
  <ItemGroup>
    <Filter Include="ImGui">
      <UniqueIdentifier>{5725a0a6-4ed8-4f3b-9ede-02018d68c42f}</UniqueIdentifier>
    </Filter>
  </ItemGroup>
</Project>